{
  "lockfileVersion": 1,
  "packages": {
    "@tana/store": [
      "0.1.0",
      "vendored:fixture",
      {
        "moduleGraph": {
          "hash": "b7f93b74e2b40831e0a1ff1275149e4c0b8f8e5f2033e2dacbad40bc77358d9d"
        },
        "fsGraph": {
          "hash": "b02376743f59f52476e3a410505900dcec340c0006f08481750ffd130112770a"
        }
      },
      ""
    ]
  }
}
