{
  "lockfileVersion": 1,
  "packages": {
    "@deka/io": [
      "@deka/io@0.1.1",
      "deka.gg:@deka/io",
      {
        "repo": "https://github.com/dekaruntime/io.git",
        "gitRef": "v0.1.1",
        "source": "deka.gg",
        "dependencies": [],
        "moduleGraph": {
          "algo": "sha256",
          "hash": "e3b0c44298fc1c149afbf4c8996fb92427ae41e4649b934ca495991b7852b855"
        },
        "fsGraph": {
          "algo": "sha256",
          "hash": "81b790e3d47cb1cb0ca5e2d9889618d099ba3f74d6e2be1ce819ff8f4f1e23db"
        }
      },
      ""
    ],
    "@deka/tls": [
      "@deka/tls@0.2.0",
      "deka.gg:@deka/tls",
      {
        "repo": "https://github.com/dekaruntime/tls.git",
        "gitRef": "v0.2.0",
        "source": "deka.gg",
        "dependencies": [],
        "moduleGraph": {
          "algo": "sha256",
          "hash": "e3b0c44298fc1c149afbf4c8996fb92427ae41e4649b934ca495991b7852b855"
        },
        "fsGraph": {
          "algo": "sha256",
          "hash": "de6042ac4a52292b245904226b18a24aeb1c13278fb0d4d0ae17c056ea124139"
        }
      },
      ""
    ]
  }
}
