{
  "lockfileVersion": 1,
  "packages": {
    "@deka/io": [
      "@deka/io@0.1.1",
      "deka.gg:@deka/io",
      {
        "repo": "https://github.com/dekaruntime/io.git",
        "gitRef": "v0.1.1",
        "source": "deka.gg",
        "dependencies": [],
        "moduleGraph": {
          "algo": "sha256",
          "hash": "e3b0c44298fc1c149afbf4c8996fb92427ae41e4649b934ca495991b7852b855"
        },
        "fsGraph": {
          "algo": "sha256",
          "hash": "4283fda88496f1d0b77a9f77abd97262b05d0a401d37687ab2ea6c928ca3416e"
        }
      },
      ""
    ]
  }
}
