{
  "lockfileVersion": 1,
  "packages": {
    "@deka/io": [
      "@deka/io@0.1.1",
      "deka.gg:@deka/io",
      {
        "repo": "https://github.com/dekaruntime/io.git",
        "gitRef": "v0.1.1",
        "source": "deka.gg",
        "dependencies": [],
        "moduleGraph": {
          "algo": "sha256",
          "hash": "e3b0c44298fc1c149afbf4c8996fb92427ae41e4649b934ca495991b7852b855"
        },
        "fsGraph": {
          "algo": "sha256",
          "hash": "81b790e3d47cb1cb0ca5e2d9889618d099ba3f74d6e2be1ce819ff8f4f1e23db"
        }
      },
      ""
    ],
    "@deka/json": [
      "@deka/json@0.3.0",
      "deka.gg:@deka/json",
      {
        "repo": "https://github.com/dekaruntime/json.git",
        "gitRef": "v0.3.0",
        "source": "deka.gg",
        "dependencies": [],
        "moduleGraph": {
          "algo": "sha256",
          "hash": "e3b0c44298fc1c149afbf4c8996fb92427ae41e4649b934ca495991b7852b855"
        },
        "fsGraph": {
          "algo": "sha256",
          "hash": "1a12dbb54c9520a055b516e89600b5e41606812868d0395efdba0827aee7c921"
        }
      },
      ""
    ]
  }
}
