{
  "lockfileVersion": 1,
  "phpx": {
    "modules": {
      "core/result": {
        "source": "php_modules/core/result.phpx",
        "hash": "sha256:placeholder",
        "cache": "php_modules/.cache/phpx/core/result.php",
        "dependencies": [],
        "exports": [
          "Result",
          "Ok",
          "Err"
        ]
      },
      "core/option": {
        "source": "php_modules/core/option.phpx",
        "hash": "sha256:placeholder",
        "cache": "php_modules/.cache/phpx/core/option.php",
        "dependencies": [],
        "exports": [
          "Option",
          "Some",
          "None"
        ]
      }
    }
  },
  "node": {
    "dependencies": {}
  },
  "gleam": {
    "dependencies": {}
  },
  "php": {
    "packages": {
      "@deka/array": [
        "0.1.0",
        "linkhash:@deka/array",
        {
          "moduleGraph": {
            "algo": "sha256",
            "hash": "f9a3aabcd3dc27e061a75f5574f700d65cbf6cddcf534fda129aa5ffd5fad2e9"
          },
          "fsGraph": {
            "algo": "sha256",
            "hash": "cfa1d9b73a2295916c21f5bc14c694e145cd5bd368be444697f40ba29fc95f8d"
          }
        },
        ""
      ],
      "@deka/auth": [
        "0.1.0",
        "linkhash:@deka/auth",
        {
          "moduleGraph": {
            "algo": "sha256",
            "hash": "0aca4da3ffefff70e994602c85cc706272b05efabe086fe0deda5f784a897493"
          },
          "fsGraph": {
            "algo": "sha256",
            "hash": "a81738fb33531ec3257db08a5b9ddf5c726802bc575d814851be0c6296c6e8ee"
          }
        },
        ""
      ],
      "@deka/buffer": [
        "0.1.0",
        "linkhash:@deka/buffer",
        {
          "moduleGraph": {
            "algo": "sha256",
            "hash": "dcad4d3f0ab01f7bb5f6f1a861d51f8a434c82d098cd63cb108f414118250c5c"
          },
          "fsGraph": {
            "algo": "sha256",
            "hash": "049df05796b794eb8ddeab16517e6a3cd547967564f30c3cf36c13e7d2f22ee8"
          }
        },
        ""
      ],
      "@deka/bytes": [
        "0.1.0",
        "linkhash:@deka/bytes",
        {
          "moduleGraph": {
            "algo": "sha256",
            "hash": "cb4137a993d6614280bd60ad346d4f2e7be31d9896ee2f35c457351faf4eda65"
          },
          "fsGraph": {
            "algo": "sha256",
            "hash": "d4ebf510152ec7837cff061558bcbcce90f902490273f615889bec968b6fb24e"
          }
        },
        ""
      ],
      "@deka/component": [
        "0.1.0",
        "linkhash:@deka/component",
        {
          "moduleGraph": {
            "algo": "sha256",
            "hash": "54fe81a2ffff140f106f35196d377fa8d6cd0cd4cfa10cbf1c0c30e42273fec7"
          },
          "fsGraph": {
            "algo": "sha256",
            "hash": "58328e3249105f8070a71e1232de2ffa52513d8973225e2b64971003d51e7cbe"
          }
        },
        ""
      ],
      "@deka/cookies": [
        "0.1.0",
        "linkhash:@deka/cookies",
        {
          "moduleGraph": {
            "algo": "sha256",
            "hash": "190ade83d5917d45512376675c815b1904feb74f68d9b2856b9b633a8f2ea438"
          },
          "fsGraph": {
            "algo": "sha256",
            "hash": "3570560c2070d99385c3cb4fb348c89ec72405f98b2f4c8f0022e3bf049f4bbe"
          }
        },
        ""
      ],
      "@deka/core": [
        "0.1.0",
        "linkhash:@deka/core",
        {
          "moduleGraph": {
            "algo": "sha256",
            "hash": "873cd35d090c133acfad4c37235c8b12093b357db3b4ea0bfbcfcb5d9a207424"
          },
          "fsGraph": {
            "algo": "sha256",
            "hash": "8b1c479d1a86d492517137899d1ccd2930c728f0792d6e1211f96fa63d47f8c7"
          }
        },
        ""
      ],
      "@deka/crypto": [
        "0.1.0",
        "linkhash:@deka/crypto",
        {
          "moduleGraph": {
            "algo": "sha256",
            "hash": "a64a759112b2b797e52fed6c6323b7a7a76d12266bbaf0550372166caa18dead"
          },
          "fsGraph": {
            "algo": "sha256",
            "hash": "efe3d3e9a764232cb77f2f04346b8e118bf4403287efba495ba70e0a5c14fd90"
          }
        },
        ""
      ],
      "@deka/db": [
        "0.1.0",
        "linkhash:@deka/db",
        {
          "moduleGraph": {
            "algo": "sha256",
            "hash": "dbf7eb028faeb16c4fb68b52d889c662933ee4e57122e60a9903a4a6979bc570"
          },
          "fsGraph": {
            "algo": "sha256",
            "hash": "be02dfaa680b31da306ddaa406feb98c84ac7351c1e36a0db36efc18c3b63fd9"
          }
        },
        ""
      ],
      "@deka/encoding": [
        "0.1.0",
        "linkhash:@deka/encoding",
        {
          "moduleGraph": {
            "algo": "sha256",
            "hash": "83f6f082c22ddfdbd750b5732a5a6f20f4cb42c736e4388c4400abe2d0743e40"
          },
          "fsGraph": {
            "algo": "sha256",
            "hash": "317dc0c01c62c8053dd43771f9e29f3a2ec429940f031d83139e66c3d7a4035a"
          }
        },
        ""
      ],
      "@deka/framework": [
        "0.1.0",
        "linkhash:@deka/framework",
        {
          "moduleGraph": {
            "algo": "sha256",
            "hash": "14964473a5c5964feef2945801fcd21cd9f1b79ce52bb5c0a2690763cff4f3fd"
          },
          "fsGraph": {
            "algo": "sha256",
            "hash": "ed9066e5cf1da4534c852fc5ed998b3c9a3b0e5481914c6fd3ac45ac0a4bd2b2"
          }
        },
        ""
      ],
      "@deka/fs": [
        "0.1.0",
        "linkhash:@deka/fs",
        {
          "moduleGraph": {
            "algo": "sha256",
            "hash": "fd949d4550961eaa2845b0bd391f49a44128d718b1df8e2699cd29697346ae01"
          },
          "fsGraph": {
            "algo": "sha256",
            "hash": "816afe386d5d8058e6830f9c89e3c32000e90b75800bd23b4f786e042006537f"
          }
        },
        ""
      ],
      "@deka/http": [
        "0.1.0",
        "linkhash:@deka/http",
        {
          "moduleGraph": {
            "algo": "sha256",
            "hash": "5bfc583b5c18a4ba5a3cbd9c5faa69a43dc2c2da77a8a5a67e6d20ddc67abb2e"
          },
          "fsGraph": {
            "algo": "sha256",
            "hash": "355fd0ce24c4f5c5d6fef574b0779a98219990c7172923212699e52d27a90bd3"
          }
        },
        ""
      ],
      "@deka/json": [
        "0.1.0",
        "linkhash:@deka/json",
        {
          "moduleGraph": {
            "algo": "sha256",
            "hash": "b7f93b74e2b40831e0a1ff1275149e4c0b8f8e5f2033e2dacbad40bc77358d9d"
          },
          "fsGraph": {
            "algo": "sha256",
            "hash": "b12d76935ec2664ea7f525cf05e9b5ec324ba45e6c6b6e7d4ee43682b9fdf633"
          }
        },
        ""
      ],
      "@deka/jwt": [
        "0.1.0",
        "linkhash:@deka/jwt",
        {
          "moduleGraph": {
            "algo": "sha256",
            "hash": "5c07846ccd37c971ecfc30a005a28cd95168caf7f5a6a0ddada2249913e55277"
          },
          "fsGraph": {
            "algo": "sha256",
            "hash": "6559b274bf99491174142b9d6f99af186baa8a05d7c6d7667d3eeb532335102f"
          }
        },
        ""
      ],
      "@deka/neo4j": [
        "0.1.0",
        "linkhash:@deka/neo4j",
        {
          "moduleGraph": {
            "algo": "sha256",
            "hash": "14cc27b7e2a3e982fd89cbd13753e5821ccee979898576252276f61f66035d3c"
          },
          "fsGraph": {
            "algo": "sha256",
            "hash": "2d478edce3208f8b3821d882ddeafc1aaab350e3e2a92ff1a553b5f99735ab19"
          }
        },
        ""
      ],
      "@deka/payments": [
        "0.1.0",
        "linkhash:@deka/payments",
        {
          "moduleGraph": {
            "algo": "sha256",
            "hash": "3233678cd7a55beab11f63863dcf8b275ea049e90ba93bb1c57ad83c1011ce6f"
          },
          "fsGraph": {
            "algo": "sha256",
            "hash": "c7a14aca66f44226c7cc53d8b33eed531bb387e6ed3345edca75ce35699fd5ea"
          }
        },
        ""
      ],
      "@deka/redis": [
        "0.1.0",
        "linkhash:@deka/redis",
        {
          "moduleGraph": {
            "algo": "sha256",
            "hash": "14cc27b7e2a3e982fd89cbd13753e5821ccee979898576252276f61f66035d3c"
          },
          "fsGraph": {
            "algo": "sha256",
            "hash": "a4be45e629d2ff3fe75953c0d1ed5acf80573ac478adbf7f7f37574385f5358d"
          }
        },
        ""
      ],
      "@deka/registry": [
        "0.1.0",
        "linkhash:@deka/registry",
        {
          "moduleGraph": {
            "algo": "sha256",
            "hash": "3b2b992fc83de0a80c8e83e9c5d329423bc584b5b1865f7df2923a272c464a01"
          },
          "fsGraph": {
            "algo": "sha256",
            "hash": "ea51736150a1b4df83f6302dfbef875b134ff6639a130fa11268509e4a30adcc"
          }
        },
        ""
      ],
      "@deka/string": [
        "0.1.0",
        "linkhash:@deka/string",
        {
          "moduleGraph": {
            "algo": "sha256",
            "hash": "bb5453d75047a6a46de0d6cb999d6c5e64100a58425374db44e38ac201fba0fb"
          },
          "fsGraph": {
            "algo": "sha256",
            "hash": "1388833237f4886524c81617faeec7c81caea5ecd940853d2313eab04aad7b8a"
          }
        },
        ""
      ],
      "@deka/tcp": [
        "0.1.0",
        "linkhash:@deka/tcp",
        {
          "moduleGraph": {
            "algo": "sha256",
            "hash": "52e538ca77a613502f88f5bb5322d5c28289e891a54460417e788108ca321afd"
          },
          "fsGraph": {
            "algo": "sha256",
            "hash": "e86b5bbe028d3af401f4dfd26d8de5b08968ab30f7f60f76a6727f61a9067017"
          }
        },
        ""
      ],
      "@deka/time": [
        "0.1.0",
        "linkhash:@deka/time",
        {
          "moduleGraph": {
            "algo": "sha256",
            "hash": "eb14ed5abccc5a77f9d0bd9f5239c68ce3358271f836b140f76c4ad443bccc0a"
          },
          "fsGraph": {
            "algo": "sha256",
            "hash": "1ae4fa8b1c2c025a6effd2349e13aa2f3b271303a60509fa0f8d32db7fa08390"
          }
        },
        ""
      ],
      "@deka/tls": [
        "0.1.0",
        "linkhash:@deka/tls",
        {
          "moduleGraph": {
            "algo": "sha256",
            "hash": "52e538ca77a613502f88f5bb5322d5c28289e891a54460417e788108ca321afd"
          },
          "fsGraph": {
            "algo": "sha256",
            "hash": "b00bffc1513221e8b6dd261cd40e0f9422eadaa20f1a77627433b59b7de75f67"
          }
        },
        ""
      ],
      "@deka/ui": [
        "0.1.0",
        "linkhash:@deka/ui",
        {
          "moduleGraph": {
            "algo": "sha256",
            "hash": "fd23f45f0ca2db47760e645db7c13edefc1af0f2580a8dcba25ed73218491b08"
          },
          "fsGraph": {
            "algo": "sha256",
            "hash": "6f9d4c2a60c1864f01fd25651a616389140b5baa7bbd1ee390faa7f93d94d8e9"
          }
        },
        ""
      ]
    },
    "cache": {
      "version": 1,
      "compiler": "phpx-cache-v1",
      "modules": {
        "registry/artifacts": {
          "src": "php_modules/registry/artifacts.phpx",
          "hash": "sha256:fb18323fcb365bbb930efc824558ee1ab6f7738e2902fbd20e3b690dfd4f6da9",
          "cache": "php_modules/.cache/phpx/registry/artifacts.php",
          "compiler": "phpx-cache-v3",
          "lockIdentity": "1:9f9a931b391c19cd077a2b0540653affcff39365f500da056576ea9fabebc0cc",
          "deps": [
            "fs",
            "bytes",
            "core/result"
          ],
          "exports": [
            "canonical_input",
            "canonical_id",
            "artifact_key",
            "store_artifact",
            "read_artifact"
          ]
        },
        "core/result": {
          "src": "php_modules/core/result.phpx",
          "hash": "sha256:c138f94b55755045e7575843cb791ef653ed1089dd6c6dac0adcde228ae3f3d6",
          "cache": "php_modules/.cache/phpx/core/result.php",
          "compiler": "phpx-cache-v3",
          "lockIdentity": "1:9f9a931b391c19cd077a2b0540653affcff39365f500da056576ea9fabebc0cc",
          "deps": [],
          "exports": [
            "result_ok",
            "result_err",
            "result_is_ok",
            "result_is_err",
            "result_unwrap",
            "result_unwrap_or"
          ]
        },
        "bytes": {
          "src": "php_modules/bytes/index.phpx",
          "hash": "sha256:e9e06ee8366ddd0d2cac948cb04426484dd8a32a1cd4407c6630df36363b0098",
          "cache": "php_modules/.cache/phpx/bytes/index.php",
          "compiler": "phpx-cache-v3",
          "lockIdentity": "1:9f9a931b391c19cd077a2b0540653affcff39365f500da056576ea9fabebc0cc",
          "deps": [
            "core/bytes"
          ],
          "exports": [
            "from_string",
            "to_string",
            "len",
            "get",
            "set",
            "slice",
            "concat",
            "to_array",
            "from_array"
          ]
        },
        "core/bytes": {
          "src": "php_modules/core/bytes.phpx",
          "hash": "sha256:1b80b7bff4bb00334d4cc8dd7fd5f5fc5917ee9555a69421ec932cce15f9c6d6",
          "cache": "php_modules/.cache/phpx/core/bytes.php",
          "compiler": "phpx-cache-v3",
          "lockIdentity": "1:9f9a931b391c19cd077a2b0540653affcff39365f500da056576ea9fabebc0cc",
          "deps": [],
          "exports": [
            "bytes_from_string",
            "bytes_to_string",
            "bytes_len",
            "bytes_get",
            "bytes_set",
            "bytes_slice",
            "bytes_concat",
            "bytes_to_array",
            "bytes_from_array"
          ]
        },
        "fs": {
          "src": "php_modules/fs/index.phpx",
          "hash": "sha256:80987cedbf3e0288c7d36cc0e6a5d9ece6dc2b269730be9a7e3dd0dd5cf2e6fa",
          "cache": "php_modules/.cache/phpx/fs/index.php",
          "compiler": "phpx-cache-v3",
          "lockIdentity": "1:9f9a931b391c19cd077a2b0540653affcff39365f500da056576ea9fabebc0cc",
          "deps": [
            "core/result",
            "core/bridge",
            "core/bytes"
          ],
          "exports": [
            "open",
            "read",
            "write",
            "close",
            "read_file",
            "write_file"
          ]
        },
        "core/bridge": {
          "src": "php_modules/core/bridge.phpx",
          "hash": "sha256:2efb6d046cda3db74e5ecfc288b0241da26723d80ffe929c524758cde0e8055a",
          "cache": "php_modules/.cache/phpx/core/bridge.php",
          "compiler": "phpx-cache-v3",
          "lockIdentity": "1:9f9a931b391c19cd077a2b0540653affcff39365f500da056576ea9fabebc0cc",
          "deps": [],
          "exports": [
            "bridge"
          ]
        },
        "tls": {
          "src": "php_modules/tls/index.phpx",
          "hash": "sha256:40a09cfb44ec7030c30d5f7fb658e8e4e2e0926d4103c77ba5949ff06d05ae6a",
          "cache": "php_modules/.cache/phpx/tls/index.php",
          "compiler": "phpx-cache-v3",
          "lockIdentity": "1:9f9a931b391c19cd077a2b0540653affcff39365f500da056576ea9fabebc0cc",
          "deps": [
            "core/result",
            "core/bridge"
          ],
          "exports": [
            "upgrade",
            "tls_upgrade",
            "read",
            "tls_read",
            "read_exact",
            "tls_read_exact",
            "write",
            "tls_write",
            "close",
            "tls_close"
          ]
        },
        "tcp": {
          "src": "php_modules/tcp/index.phpx",
          "hash": "sha256:f026e4532d30ad2ab4a87c2690299db22fc3b48082590f2ce3100daae47e4c15",
          "cache": "php_modules/.cache/phpx/tcp/index.php",
          "compiler": "phpx-cache-v3",
          "lockIdentity": "1:9f9a931b391c19cd077a2b0540653affcff39365f500da056576ea9fabebc0cc",
          "deps": [
            "core/result",
            "core/bridge"
          ],
          "exports": [
            "connect",
            "tcp_connect",
            "read",
            "tcp_read",
            "read_exact",
            "tcp_read_exact",
            "write",
            "tcp_write",
            "set_deadline",
            "tcp_set_deadline",
            "close",
            "tcp_close"
          ]
        },
        "crypto": {
          "src": "php_modules/crypto/index.phpx",
          "hash": "sha256:ea2da4b98285fea4e4444cf127594d88c8387ce0e31bc372f0c8843fa36bb714",
          "cache": "php_modules/.cache/phpx/crypto/index.php",
          "compiler": "phpx-cache-v3",
          "lockIdentity": "1:9f9a931b391c19cd077a2b0540653affcff39365f500da056576ea9fabebc0cc",
          "deps": [
            "bytes",
            "core/result",
            "core/bridge"
          ],
          "exports": [
            "random_bytes_result",
            "random_hex",
            "sha256_hex",
            "hmac_sha256_hex",
            "hmac_sha256_bytes",
            "secure_compare",
            "uuid_v4"
          ]
        },
        "cookies": {
          "src": "php_modules/cookies/index.phpx",
          "hash": "sha256:c80b9d5ea62ae4683e992aa172e479113517bbf25184ce8311931afbf3c22b72",
          "cache": "php_modules/.cache/phpx/cookies/index.php",
          "compiler": "phpx-cache-v3",
          "lockIdentity": "1:9f9a931b391c19cd077a2b0540653affcff39365f500da056576ea9fabebc0cc",
          "deps": [],
          "exports": [
            "all",
            "has",
            "get",
            "build_set_cookie",
            "set_header",
            "clear_header"
          ]
        },
        "db/mysql": {
          "src": "php_modules/db/mysql/index.phpx",
          "hash": "sha256:bf460594baa38caee197f85aa44c4f1e3941fa73b37cd55ba622806a410468b6",
          "cache": "php_modules/.cache/phpx/db/mysql/index.php",
          "compiler": "phpx-cache-v3",
          "lockIdentity": "1:9f9a931b391c19cd077a2b0540653affcff39365f500da056576ea9fabebc0cc",
          "deps": [
            "core/result",
            "db",
            "tcp",
            "core/bytes"
          ],
          "exports": [
            "connect",
            "query",
            "query_one",
            "exec",
            "begin",
            "commit",
            "rollback",
            "close"
          ]
        },
        "db": {
          "src": "php_modules/db/index.phpx",
          "hash": "sha256:c32f6e425ea4f95f6ead3ff471f07f7b0aee70534cae7847c1539d75e0caf939",
          "cache": "php_modules/.cache/phpx/db/index.php",
          "compiler": "phpx-cache-v3",
          "lockIdentity": "1:9f9a931b391c19cd077a2b0540653affcff39365f500da056576ea9fabebc0cc",
          "deps": [
            "core/result",
            "core/bridge"
          ],
          "exports": [
            "open",
            "open_handle",
            "query",
            "rows",
            "query_one",
            "exec",
            "affected_rows",
            "begin",
            "commit",
            "rollback",
            "close",
            "stats"
          ]
        },
        "db/sqlite": {
          "src": "php_modules/db/sqlite/index.phpx",
          "hash": "sha256:e5a24f45dafe82b82917a5ab43deaffb17c85186823ae0a52db360adcacb03d9",
          "cache": "php_modules/.cache/phpx/db/sqlite/index.php",
          "compiler": "phpx-cache-v3",
          "lockIdentity": "1:9f9a931b391c19cd077a2b0540653affcff39365f500da056576ea9fabebc0cc",
          "deps": [
            "db"
          ],
          "exports": [
            "connect",
            "query",
            "query_one",
            "exec",
            "begin",
            "commit",
            "rollback",
            "close"
          ]
        },
        "db/postgres": {
          "src": "php_modules/db/postgres/index.phpx",
          "hash": "sha256:e752dd0e8595c1926f7ed53b009bb809716338b7a4069c624253a22d0da3d945",
          "cache": "php_modules/.cache/phpx/db/postgres/index.php",
          "compiler": "phpx-cache-v3",
          "lockIdentity": "1:3b4a567f2b6776f5ad0888a371d96fc887028577f9da99b15e449c8faa26aad8",
          "deps": [
            "db"
          ],
          "exports": [
            "connect",
            "query",
            "query_one",
            "exec",
            "begin",
            "commit",
            "rollback",
            "close"
          ]
        },
        "encoding/json": {
          "src": "php_modules/encoding/json/index.phpx",
          "hash": "sha256:ae524c9e0f91cec16997788acd2b69b0bc991db065ba213c4e135dd7f2eca7c7",
          "cache": "php_modules/.cache/phpx/encoding/json/index.php",
          "compiler": "phpx-cache-v3",
          "lockIdentity": "1:9f9a931b391c19cd077a2b0540653affcff39365f500da056576ea9fabebc0cc",
          "deps": [
            "core/result",
            "core/byte",
            "core/num",
            "core/bridge"
          ],
          "exports": [
            "json_encode",
            "json_decode",
            "json_decode_result",
            "json_last_error",
            "json_last_error_msg",
            "json_validate"
          ]
        },
        "core/num": {
          "src": "php_modules/core/num.phpx",
          "hash": "sha256:5f9c6553ddf78dc899e56b124b99274f55986c9c21bd6a630e9574fcc45c9ffc",
          "cache": "php_modules/.cache/phpx/core/num.php",
          "compiler": "phpx-cache-v3",
          "lockIdentity": "1:9f9a931b391c19cd077a2b0540653affcff39365f500da056576ea9fabebc0cc",
          "deps": [],
          "exports": [
            "num_parse_int",
            "num_parse_float"
          ]
        },
        "core/byte": {
          "src": "php_modules/core/byte.phpx",
          "hash": "sha256:345ed51e8ff79620faaf941cef2e6359644263475826eb5a78e2003dd7a004d3",
          "cache": "php_modules/.cache/phpx/core/byte.php",
          "compiler": "phpx-cache-v3",
          "lockIdentity": "1:9f9a931b391c19cd077a2b0540653affcff39365f500da056576ea9fabebc0cc",
          "deps": [],
          "exports": [
            "byte_from_char",
            "byte_to_char",
            "byte_is_whitespace",
            "byte_is_digit",
            "byte_is_hex"
          ]
        },
        "component/dom": {
          "src": "php_modules/component/dom.phpx",
          "hash": "sha256:b301bd327a9a47ef8d94e566ab1d8ae451fa95f5501d00e389fe7c33ab0e8f45",
          "cache": "php_modules/.cache/phpx/component/dom.php",
          "compiler": "phpx-cache-v3",
          "lockIdentity": "1:9f9a931b391c19cd077a2b0540653affcff39365f500da056576ea9fabebc0cc",
          "deps": [
            "component/core",
            "encoding/json"
          ],
          "exports": [
            "createRoot",
            "renderToString",
            "renderToStream",
            "renderPartial",
            "renderPartialJson",
            "renderPartialResponse",
            "Link",
            "Hydration",
            "isPartialRequest"
          ]
        },
        "component/core": {
          "src": "php_modules/component/core.phpx",
          "hash": "sha256:0156e5767f68c927237ba0c0e704914e7589430adf89153c01a3f150971b50bb",
          "cache": "php_modules/.cache/phpx/component/core.php",
          "compiler": "phpx-cache-v3",
          "lockIdentity": "1:9f9a931b391c19cd077a2b0540653affcff39365f500da056576ea9fabebc0cc",
          "deps": [],
          "exports": [
            "jsx",
            "jsxs",
            "createElement",
            "isValidElement",
            "childrenToArray",
            "createContext",
            "__component_push_context",
            "__component_pop_context",
            "useContext",
            "ContextProvider",
            "__component_each",
            "__component_each_kv"
          ]
        },
        "@/src/pages/repo_flows": {
          "src": "src/pages/repo_flows.phpx",
          "hash": "sha256:2c2aaf7664679363b11d37f91cddff434494acb5dc9d121fff3942e70e80798d",
          "cache": "php_modules/.cache/src/pages/repo_flows.php",
          "compiler": "phpx-cache-v3",
          "lockIdentity": "1:9f9a931b391c19cd077a2b0540653affcff39365f500da056576ea9fabebc0cc",
          "deps": [
            "component/core"
          ],
          "exports": [
            "PreviewRouteSection",
            "ForkResultSection"
          ]
        },
        "@/src/services/adwa": {
          "src": "src/services/adwa.phpx",
          "hash": "sha256:61040512149acce347bfe1fe2d24a0c8bf37b052759e77d331ded489acc7a305",
          "cache": "php_modules/.cache/src/services/adwa.php",
          "compiler": "phpx-cache-v3",
          "lockIdentity": "1:9f9a931b391c19cd077a2b0540653affcff39365f500da056576ea9fabebc0cc",
          "deps": [],
          "exports": [
            "buildAdwaBaseUrl",
            "buildAdwaPreviewUrl",
            "buildAdwaPreviewUrlForRef",
            "buildAdwaEditUrl"
          ]
        },
        "@/src/api/repo_actions": {
          "src": "src/api/repo_actions.phpx",
          "hash": "sha256:3b0d44e3dd7c80c66e18eb90155ead05c908fab7a8e28ac8dc775c3e9d764921",
          "cache": "php_modules/.cache/src/api/repo_actions.php",
          "compiler": "phpx-cache-v3",
          "lockIdentity": "1:9f9a931b391c19cd077a2b0540653affcff39365f500da056576ea9fabebc0cc",
          "deps": [],
          "exports": [
            "repoIssueCreateRoute",
            "repoIssueCommentRoute",
            "repoPullCreateRoute",
            "repoPullCommentRoute",
            "repoForkRoute",
            "buildRepoActionRedirectPath"
          ]
        },
        "@/src/services/linkhash_git": {
          "src": "src/services/linkhash_git.phpx",
          "hash": "sha256:4e1692530dfd296e62cf5c069d859587f517806434d406e2f851e18becb5afd9",
          "cache": "php_modules/.cache/src/services/linkhash_git.php",
          "compiler": "phpx-cache-v3",
          "lockIdentity": "1:9f9a931b391c19cd077a2b0540653affcff39365f500da056576ea9fabebc0cc",
          "deps": [],
          "exports": [
            "gitApiDefaultBase",
            "scopedReleaseDocsPath",
            "scopedReleaseTreePath",
            "scopedReleaseBlobPath",
            "repoIssuesPath",
            "repoIssueDetailPath",
            "repoIssueCommentPath",
            "repoPullsPath",
            "repoPullDetailPath",
            "repoPullCommentPath",
            "repoResolvePath",
            "repoForkPath"
          ]
        },
        "@/src/pages/package_detail": {
          "src": "src/pages/package_detail.phpx",
          "hash": "sha256:5b70aa7284a09dd77bb1ecc7965849f0183867c883adae7281a18fb852a4608b",
          "cache": "php_modules/.cache/src/pages/package_detail.php",
          "compiler": "phpx-cache-v3",
          "lockIdentity": "1:9f9a931b391c19cd077a2b0540653affcff39365f500da056576ea9fabebc0cc",
          "deps": [
            "component/core"
          ],
          "exports": [
            "PackageStatPills",
            "PackageVersionRows"
          ]
        },
        "@/db": {
          "src": "db/index.phpx",
          "hash": "sha256:2558cc04a7b1bc4f24e1edca87f86400d2d31f46604f13cbce3c5ef9b406ceb7",
          "cache": "php_modules/.cache/db/index.php",
          "compiler": "phpx-cache-v3",
          "lockIdentity": "1:9f9a931b391c19cd077a2b0540653affcff39365f500da056576ea9fabebc0cc",
          "deps": [
            "@/db/client"
          ],
          "exports": [
            "connect",
            "close",
            "select",
            "selectMany",
            "selectOne",
            "insert",
            "insertOne",
            "update",
            "updateWhere",
            "deleteQuery",
            "deleteWhere",
            "loadRelation",
            "transaction",
            "eq",
            "ilike",
            "isNull",
            "andWhere",
            "orWhere",
            "asc",
            "desc",
            "limit",
            "offset",
            "createClient"
          ]
        },
        "@/db/client": {
          "src": "db/client.phpx",
          "hash": "sha256:6f85a3748828fc94ed84e9bf6e859a7c6936e989c4465a2a5544120769034885",
          "cache": "php_modules/.cache/db/client.php",
          "compiler": "phpx-cache-v3",
          "lockIdentity": "1:9f9a931b391c19cd077a2b0540653affcff39365f500da056576ea9fabebc0cc",
          "deps": [
            "db",
            "core/result"
          ],
          "exports": [
            "eq",
            "ilike",
            "isNull",
            "andWhere",
            "orWhere",
            "asc",
            "desc",
            "limit",
            "offset",
            "connect",
            "close",
            "selectMany",
            "selectOne",
            "insertOne",
            "updateWhere",
            "deleteWhere",
            "insert",
            "select",
            "update",
            "deleteQuery",
            "loadRelation",
            "transaction",
            "createClient"
          ]
        },
        "@/db/meta": {
          "src": "db/meta.phpx",
          "hash": "sha256:1678b707b71bf06412bfe1e96cc8727dedf5f1d9442e4dd144d8a62e474c866d",
          "cache": "php_modules/.cache/db/meta.php",
          "compiler": "phpx-cache-v3",
          "lockIdentity": "1:9f9a931b391c19cd077a2b0540653affcff39365f500da056576ea9fabebc0cc",
          "deps": [],
          "exports": [
            "meta"
          ]
        }
      }
    }
  }
}
