{
  "lockfileVersion": 1,
  "packages": {
    "@deka/http": [
      "@deka/http@0.3.1",
      "deka.gg:@deka/http",
      {
        "repo": "https://github.com/dekaruntime/http.git",
        "gitRef": "v0.3.1",
        "source": "deka.gg",
        "dependencies": [
          "@deka/tcp",
          "@deka/tls"
        ],
        "moduleGraph": {
          "algo": "sha256",
          "hash": "e3b0c44298fc1c149afbf4c8996fb92427ae41e4649b934ca495991b7852b855"
        },
        "fsGraph": {
          "algo": "sha256",
          "hash": "ca7dd636be153c67581bcf0a41bdd1e75187e66b2e2214a9d8f2b46b91af5896"
        }
      },
      ""
    ],
    "@deka/io": [
      "@deka/io@0.1.1",
      "deka.gg:@deka/io",
      {
        "repo": "https://github.com/dekaruntime/io.git",
        "gitRef": "v0.1.1",
        "source": "deka.gg",
        "dependencies": [],
        "moduleGraph": {
          "algo": "sha256",
          "hash": "e3b0c44298fc1c149afbf4c8996fb92427ae41e4649b934ca495991b7852b855"
        },
        "fsGraph": {
          "algo": "sha256",
          "hash": "81b790e3d47cb1cb0ca5e2d9889618d099ba3f74d6e2be1ce819ff8f4f1e23db"
        }
      },
      ""
    ],
    "@deka/tcp": [
      "@deka/tcp@0.2.0",
      "deka.gg:@deka/tcp",
      {
        "repo": "https://github.com/dekaruntime/tcp.git",
        "gitRef": "v0.2.0",
        "source": "deka.gg",
        "dependencies": [],
        "moduleGraph": {
          "algo": "sha256",
          "hash": "e3b0c44298fc1c149afbf4c8996fb92427ae41e4649b934ca495991b7852b855"
        },
        "fsGraph": {
          "algo": "sha256",
          "hash": "ea67d6e9a08955a27b30032b74c9959f89ee01a7263b810b6d93c85ce81554c8"
        }
      },
      ""
    ],
    "@deka/tls": [
      "@deka/tls@0.2.0",
      "deka.gg:@deka/tls",
      {
        "repo": "https://github.com/dekaruntime/tls.git",
        "gitRef": "v0.2.0",
        "source": "deka.gg",
        "dependencies": [],
        "moduleGraph": {
          "algo": "sha256",
          "hash": "e3b0c44298fc1c149afbf4c8996fb92427ae41e4649b934ca495991b7852b855"
        },
        "fsGraph": {
          "algo": "sha256",
          "hash": "de6042ac4a52292b245904226b18a24aeb1c13278fb0d4d0ae17c056ea124139"
        }
      },
      ""
    ]
  }
}
